// !$*UTF8*$!
{
	archiveVersion = 1;
	classes = {
	};
	objectVersion = 46;
	objects = {

/* Begin PBXBuildFile section */
		29C738071EEFD4CE009B616D /* AppDelegate.swift in Sources */ = {isa = PBXBuildFile; fileRef = 29C738061EEFD4CE009B616D /* AppDelegate.swift */; };
		29C738091EEFD4CE009B616D /* PlayGameViewController.swift in Sources */ = {isa = PBXBuildFile; fileRef = 29C738081EEFD4CE009B616D /* PlayGameViewController.swift */; };
		29C7380C1EEFD4CE009B616D /* Main.storyboard in Resources */ = {isa = PBXBuildFile; fileRef = 29C7380A1EEFD4CE009B616D /* Main.storyboard */; };
		29C7380E1EEFD4CE009B616D /* Assets.xcassets in Resources */ = {isa = PBXBuildFile; fileRef = 29C7380D1EEFD4CE009B616D /* Assets.xcassets */; };
		29C738111EEFD4CE009B616D /* LaunchScreen.storyboard in Resources */ = {isa = PBXBuildFile; fileRef = 29C7380F1EEFD4CE009B616D /* LaunchScreen.storyboard */; };
		29C7381B1EF12054009B616D /* GameResultViewController.swift in Sources */ = {isa = PBXBuildFile; fileRef = 29C7381A1EF12054009B616D /* GameResultViewController.swift */; };
/* End PBXBuildFile section */

/* Begin PBXFileReference section */
		29C738031EEFD4CE009B616D /* Roshambo.app */ = {isa = PBXFileReference; explicitFileType = wrapper.application; includeInIndex = 0; path = Roshambo.app; sourceTree = BUILT_PRODUCTS_DIR; };
		29C738061EEFD4CE009B616D /* AppDelegate.swift */ = {isa = PBXFileReference; lastKnownFileType = sourcecode.swift; path = AppDelegate.swift; sourceTree = "<group>"; };
		29C738081EEFD4CE009B616D /* PlayGameViewController.swift */ = {isa = PBXFileReference; lastKnownFileType = sourcecode.swift; path = PlayGameViewController.swift; sourceTree = "<group>"; };
		29C7380B1EEFD4CE009B616D /* Base */ = {isa = PBXFileReference; lastKnownFileType = file.storyboard; name = Base; path = Base.lproj/Main.storyboard; sourceTree = "<group>"; };
		29C7380D1EEFD4CE009B616D /* Assets.xcassets */ = {isa = PBXFileReference; lastKnownFileType = folder.assetcatalog; path = Assets.xcassets; sourceTree = "<group>"; };
		29C738101EEFD4CE009B616D /* Base */ = {isa = PBXFileReference; lastKnownFileType = file.storyboard; name = Base; path = Base.lproj/LaunchScreen.storyboard; sourceTree = "<group>"; };
		29C738121EEFD4CE009B616D /* Info.plist */ = {isa = PBXFileReference; lastKnownFileType = text.plist.xml; path = Info.plist; sourceTree = "<group>"; };
		29C7381A1EF12054009B616D /* GameResultViewController.swift */ = {isa = PBXFileReference; fileEncoding = 4; lastKnownFileType = sourcecode.swift; path = GameResultViewController.swift; sourceTree = "<group>"; };
/* End PBXFileReference section */

/* Begin PBXFrameworksBuildPhase section */
		29C738001EEFD4CE009B616D /* Frameworks */ = {
			isa = PBXFrameworksBuildPhase;
			buildActionMask = 2147483647;
			files = (
			);
			runOnlyForDeploymentPostprocessing = 0;
		};
/* End PBXFrameworksBuildPhase section */

/* Begin PBXGroup section */
		29C737FA1EEFD4CE009B616D = {
			isa = PBXGroup;
			children = (
				29C738051EEFD4CE009B616D /* Roshambo */,
				29C738041EEFD4CE009B616D /* Products */,
			);
			sourceTree = "<group>";
		};
		29C738041EEFD4CE009B616D /* Products */ = {
			isa = PBXGroup;
			children = (
				29C738031EEFD4CE009B616D /* Roshambo.app */,
			);
			name = Products;
			sourceTree = "<group>";
		};
		29C738051EEFD4CE009B616D /* Roshambo */ = {
			isa = PBXGroup;
			children = (
				29C738061EEFD4CE009B616D /* AppDelegate.swift */,
				29C738081EEFD4CE009B616D /* PlayGameViewController.swift */,
				29C7381A1EF12054009B616D /* GameResultViewController.swift */,
				29C7380A1EEFD4CE009B616D /* Main.storyboard */,
				29C7380D1EEFD4CE009B616D /* Assets.xcassets */,
				29C7380F1EEFD4CE009B616D /* LaunchScreen.storyboard */,
				29C738121EEFD4CE009B616D /* Info.plist */,
			);
			path = Roshambo;
			sourceTree = "<group>";
		};
/* End PBXGroup section */

/* Begin PBXNativeTarget section */
		29C738021EEFD4CE009B616D /* Roshambo */ = {
			isa = PBXNativeTarget;
			buildConfigurationList = 29C738151EEFD4CE009B616D /* Build configuration list for PBXNativeTarget "Roshambo" */;
			buildPhases = (
				29C737FF1EEFD4CE009B616D /* Sources */,
				29C738001EEFD4CE009B616D /* Frameworks */,
				29C738011EEFD4CE009B616D /* Resources */,
			);
			buildRules = (
			);
			dependencies = (
			);
			name = Roshambo;
			productName = Roshambo;
			productReference = 29C738031EEFD4CE009B616D /* Roshambo.app */;
			productType = "com.apple.product-type.application";
		};
/* End PBXNativeTarget section */

/* Begin PBXProject section */
		29C737FB1EEFD4CE009B616D /* Project object */ = {
			isa = PBXProject;
			attributes = {
				LastSwiftUpdateCheck = 0830;
				LastUpgradeCheck = 0830;
				ORGANIZATIONNAME = "Yu-Jen Chang";
				TargetAttributes = {
					29C738021EEFD4CE009B616D = {
						CreatedOnToolsVersion = 8.3.3;
						DevelopmentTeam = 4P6C7Q8A3P;
						ProvisioningStyle = Automatic;
					};
				};
			};
			buildConfigurationList = 29C737FE1EEFD4CE009B616D /* Build configuration list for PBXProject "Roshambo" */;
			compatibilityVersion = "Xcode 3.2";
			developmentRegion = English;
			hasScannedForEncodings = 0;
			knownRegions = (
				en,
				Base,
			);
			mainGroup = 29C737FA1EEFD4CE009B616D;
			productRefGroup = 29C738041EEFD4CE009B616D /* Products */;
			projectDirPath = "";
			projectRoot = "";
			targets = (
				29C738021EEFD4CE009B616D /* Roshambo */,
			);
		};
/* End PBXProject section */

/* Begin PBXResourcesBuildPhase section */
		29C738011EEFD4CE009B616D /* Resources */ = {
			isa = PBXResourcesBuildPhase;
			buildActionMask = 2147483647;
			files = (
				29C738111EEFD4CE009B616D /* LaunchScreen.storyboard in Resources */,
				29C7380E1EEFD4CE009B616D /* Assets.xcassets in Resources */,
				29C7380C1EEFD4CE009B616D /* Main.storyboard in Resources */,
			);
			runOnlyForDeploymentPostprocessing = 0;
		};
/* End PBXResourcesBuildPhase section */

/* Begin PBXSourcesBuildPhase section */
		29C737FF1EEFD4CE009B616D /* Sources */ = {
			isa = PBXSourcesBuildPhase;
			buildActionMask = 2147483647;
			files = (
				29C7381B1EF12054009B616D /* GameResultViewController.swift in Sources */,
				29C738091EEFD4CE009B616D /* PlayGameViewController.swift in Sources */,
				29C738071EEFD4CE009B616D /* AppDelegate.swift in Sources */,
			);
			runOnlyForDeploymentPostprocessing = 0;
		};
/* End PBXSourcesBuildPhase section */

/* Begin PBXVariantGroup section */
		29C7380A1EEFD4CE009B616D /* Main.storyboard */ = {
			isa = PBXVariantGroup;
			children = (
				29C7380B1EEFD4CE009B616D /* Base */,
			);
			name = Main.storyboard;
			sourceTree = "<group>";
		};
		29C7380F1EEFD4CE009B616D /* LaunchScreen.storyboard */ = {
			isa = PBXVariantGroup;
			children = (
				29C738101EEFD4CE009B616D /* Base */,
			);
			name = LaunchScreen.storyboard;
			sourceTree = "<group>";
		};
/* End PBXVariantGroup section */

/* Begin XCBuildConfiguration section */
		29C738131EEFD4CE009B616D /* Debug */ = {
			isa = XCBuildConfiguration;
			buildSettings = {
				ALWAYS_SEARCH_USER_PATHS = NO;
				CLANG_ANALYZER_NONNULL = YES;
				CLANG_ANALYZER_NUMBER_OBJECT_CONVERSION = YES_AGGRESSIVE;
				CLANG_CXX_LANGUAGE_STANDARD = "gnu++0x";
				CLANG_CXX_LIBRARY = "libc++";
				CLANG_ENABLE_MODULES = YES;
				CLANG_ENABLE_OBJC_ARC = YES;
				CLANG_WARN_BOOL_CONVERSION = YES;
				CLANG_WARN_CONSTANT_CONVERSION = YES;
				CLANG_WARN_DIRECT_OBJC_ISA_USAGE = YES_ERROR;
				CLANG_WARN_DOCUMENTATION_COMMENTS = YES;
				CLANG_WARN_EMPTY_BODY = YES;
				CLANG_WARN_ENUM_CONVERSION = YES;
				CLANG_WARN_INFINITE_RECURSION = YES;
				CLANG_WARN_INT_CONVERSION = YES;
				CLANG_WARN_OBJC_ROOT_CLASS = YES_ERROR;
				CLANG_WARN_SUSPICIOUS_MOVE = YES;
				CLANG_WARN_UNREACHABLE_CODE = YES;
				CLANG_WARN__DUPLICATE_METHOD_MATCH = YES;
				"CODE_SIGN_IDENTITY[sdk=iphoneos*]" = "iPhone Developer";
				COPY_PHASE_STRIP = NO;
				DEBUG_INFORMATION_FORMAT = dwarf;
				ENABLE_STRICT_OBJC_MSGSEND = YES;
				ENABLE_TESTABILITY = YES;
				GCC_C_LANGUAGE_STANDARD = gnu99;
				GCC_DYNAMIC_NO_PIC = NO;
				GCC_NO_COMMON_BLOCKS = YES;
				GCC_OPTIMIZATION_LEVEL = 0;
				GCC_PREPROCESSOR_DEFINITIONS = (
					"DEBUG=1",
					"$(inherited)",
				);
				GCC_WARN_64_TO_32_BIT_CONVERSION = YES;
				GCC_WARN_ABOUT_RETURN_TYPE = YES_ERROR;
				GCC_WARN_UNDECLARED_SELECTOR = YES;
				GCC_WARN_UNINITIALIZED_AUTOS = YES_AGGRESSIVE;
				GCC_WARN_UNUSED_FUNCTION = YES;
				GCC_WARN_UNUSED_VARIABLE = YES;
				IPHONEOS_DEPLOYMENT_TARGET = 10.3;
				MTL_ENABLE_DEBUG_INFO = YES;
				ONLY_ACTIVE_ARCH = YES;
				SDKROOT = iphoneos;
				SWIFT_ACTIVE_COMPILATION_CONDITIONS = DEBUG;
				SWIFT_OPTIMIZATION_LEVEL = "-Onone";
				TARGETED_DEVICE_FAMILY = "1,2";
			};
			name = Debug;
		};
		29C738141EEFD4CE009B616D /* Release */ = {
			isa = XCBuildConfiguration;
			buildSettings = {
				ALWAYS_SEARCH_USER_PATHS = NO;
				CLANG_ANALYZER_NONNULL = YES;
				CLANG_ANALYZER_NUMBER_OBJECT_CONVERSION = YES_AGGRESSIVE;
				CLANG_CXX_LANGUAGE_STANDARD = "gnu++0x";
				CLANG_CXX_LIBRARY = "libc++";
				CLANG_ENABLE_MODULES = YES;
				CLANG_ENABLE_OBJC_ARC = YES;
				CLANG_WARN_BOOL_CONVERSION = YES;
				CLANG_WARN_CONSTANT_CONVERSION = YES;
				CLANG_WARN_DIRECT_OBJC_ISA_USAGE = YES_ERROR;
				CLANG_WARN_DOCUMENTATION_COMMENTS = YES;
				CLANG_WARN_EMPTY_BODY = YES;
				CLANG_WARN_ENUM_CONVERSION = YES;
				CLANG_WARN_INFINITE_RECURSION = YES;
				CLANG_WARN_INT_CONVERSION = YES;
				CLANG_WARN_OBJC_ROOT_CLASS = YES_ERROR;
				CLANG_WARN_SUSPICIOUS_MOVE = YES;
				CLANG_WARN_UNREACHABLE_CODE = YES;
				CLANG_WARN__DUPLICATE_METHOD_MATCH = YES;
				"CODE_SIGN_IDENTITY[sdk=iphoneos*]" = "iPhone Developer";
				COPY_PHASE_STRIP = NO;
				DEBUG_INFORMATION_FORMAT = "dwarf-with-dsym";
				ENABLE_NS_ASSERTIONS = NO;
				ENABLE_STRICT_OBJC_MSGSEND = YES;
				GCC_C_LANGUAGE_STANDARD = gnu99;
				GCC_NO_COMMON_BLOCKS = YES;
				GCC_WARN_64_TO_32_BIT_CONVERSION = YES;
				GCC_WARN_ABOUT_RETURN_TYPE = YES_ERROR;
				GCC_WARN_UNDECLARED_SELECTOR = YES;
				GCC_WARN_UNINITIALIZED_AUTOS = YES_AGGRESSIVE;
				GCC_WARN_UNUSED_FUNCTION = YES;
				GCC_WARN_UNUSED_VARIABLE = YES;
				IPHONEOS_DEPLOYMENT_TARGET = 10.3;
				MTL_ENABLE_DEBUG_INFO = NO;
				SDKROOT = iphoneos;
				SWIFT_OPTIMIZATION_LEVEL = "-Owholemodule";
				TARGETED_DEVICE_FAMILY = "1,2";
				VALIDATE_PRODUCT = YES;
			};
			name = Release;
		};
		29C738161EEFD4CE009B616D /* Debug */ = {
			isa = XCBuildConfiguration;
			buildSettings = {
				ASSETCATALOG_COMPILER_APPICON_NAME = AppIcon;
				DEVELOPMENT_TEAM = 4P6C7Q8A3P;
				INFOPLIST_FILE = Roshambo/Info.plist;
				LD_RUNPATH_SEARCH_PATHS = "$(inherited) @executable_path/Frameworks";
				PRODUCT_BUNDLE_IDENTIFIER = com.yujen.Roshambo;
				PRODUCT_NAME = "$(TARGET_NAME)";
				SWIFT_VERSION = 3.0;
			};
			name = Debug;
		};
		29C738171EEFD4CE009B616D /* Release */ = {
			isa = XCBuildConfiguration;
			buildSettings = {
				ASSETCATALOG_COMPILER_APPICON_NAME = AppIcon;
				DEVELOPMENT_TEAM = 4P6C7Q8A3P;
				INFOPLIST_FILE = Roshambo/Info.plist;
				LD_RUNPATH_SEARCH_PATHS = "$(inherited) @executable_path/Frameworks";
				PRODUCT_BUNDLE_IDENTIFIER = com.yujen.Roshambo;
				PRODUCT_NAME = "$(TARGET_NAME)";
				SWIFT_VERSION = 3.0;
			};
			name = Release;
		};
/* End XCBuildConfiguration section */

/* Begin XCConfigurationList section */
		29C737FE1EEFD4CE009B616D /* Build configuration list for PBXProject "Roshambo" */ = {
			isa = XCConfigurationList;
			buildConfigurations = (
				29C738131EEFD4CE009B616D /* Debug */,
				29C738141EEFD4CE009B616D /* Release */,
			);
			defaultConfigurationIsVisible = 0;
			defaultConfigurationName = Release;
		};
		29C738151EEFD4CE009B616D /* Build configuration list for PBXNativeTarget "Roshambo" */ = {
			isa = XCConfigurationList;
			buildConfigurations = (
				29C738161EEFD4CE009B616D /* Debug */,
				29C738171EEFD4CE009B616D /* Release */,
			);
			defaultConfigurationIsVisible = 0;
		};
/* End XCConfigurationList section */
	};
	rootObject = 29C737FB1EEFD4CE009B616D /* Project object */;
}
